
Microsoft Visual Studio Solution File, Format Version 12.00
# Visual Studio Version 16
VisualStudioVersion = 16.0.29503.13
MinimumVisualStudioVersion = 10.0.40219.1
Project("{FAE04EC0-301F-11D3-BF4B-00C04F79EFBC}") = "Assembly-CSharp", "Assembly-CSharp.csproj", "{33937CBC-456E-2B3B-AD4B-9EE246125F00}"
EndProject
Project("{FAE04EC0-301F-11D3-BF4B-00C04F79EFBC}") = "AdventureUnitTest", "AdventureUnitTest\AdventureUnitTest.csproj", "{EDA0A477-6E55-42E1-B460-541F024580A3}"
EndProject
Global
	GlobalSection(SolutionConfigurationPlatforms) = preSolution
		Debug|Any CPU = Debug|Any CPU
		Release|Any CPU = Release|Any CPU
	EndGlobalSection
	GlobalSection(ProjectConfigurationPlatforms) = postSolution
		{33937CBC-456E-2B3B-AD4B-9EE246125F00}.Debug|Any CPU.ActiveCfg = Debug|Any CPU
		{33937CBC-456E-2B3B-AD4B-9EE246125F00}.Debug|Any CPU.Build.0 = Debug|Any CPU
		{33937CBC-456E-2B3B-AD4B-9EE246125F00}.Release|Any CPU.ActiveCfg = Release|Any CPU
		{33937CBC-456E-2B3B-AD4B-9EE246125F00}.Release|Any CPU.Build.0 = Release|Any CPU
		{EDA0A477-6E55-42E1-B460-541F024580A3}.Debug|Any CPU.ActiveCfg = Debug|Any CPU
		{EDA0A477-6E55-42E1-B460-541F024580A3}.Debug|Any CPU.Build.0 = Debug|Any CPU
		{EDA0A477-6E55-42E1-B460-541F024580A3}.Release|Any CPU.ActiveCfg = Release|Any CPU
		{EDA0A477-6E55-42E1-B460-541F024580A3}.Release|Any CPU.Build.0 = Release|Any CPU
	EndGlobalSection
	GlobalSection(SolutionProperties) = preSolution
		HideSolutionNode = FALSE
	EndGlobalSection
	GlobalSection(ExtensibilityGlobals) = postSolution
		SolutionGuid = {0E670F26-2D07-4FDC-BFAC-96CF56F10CE6}
	EndGlobalSection
EndGlobal
